
Microsoft Visual Studio Solution File, Format Version 12.00
# Visual Studio 15
VisualStudioVersion = 15.0.28307.106
MinimumVisualStudioVersion = 10.0.40219.1
Project("{FAE04EC0-301F-11D3-BF4B-00C04F79EFBC}") = "TriviaBotT5", "TriviaBotT5.csproj", "{15D5D325-3DDC-4FC7-99BA-21151A4856DA}"
EndProject
Global
	GlobalSection(SolutionConfigurationPlatforms) = preSolution
		Debug|Any CPU = Debug|Any CPU
		Release|Any CPU = Release|Any CPU
	EndGlobalSection
	GlobalSection(ProjectConfigurationPlatforms) = postSolution
		{15D5D325-3DDC-4FC7-99BA-21151A4856DA}.Debug|Any CPU.ActiveCfg = Debug|Any CPU
		{15D5D325-3DDC-4FC7-99BA-21151A4856DA}.Debug|Any CPU.Build.0 = Debug|Any CPU
		{15D5D325-3DDC-4FC7-99BA-21151A4856DA}.Release|Any CPU.ActiveCfg = Release|Any CPU
		{15D5D325-3DDC-4FC7-99BA-21151A4856DA}.Release|Any CPU.Build.0 = Release|Any CPU
	EndGlobalSection
	GlobalSection(SolutionProperties) = preSolution
		HideSolutionNode = FALSE
	EndGlobalSection
	GlobalSection(ExtensibilityGlobals) = postSolution
		SolutionGuid = {AD01EB54-E414-448A-B8EA-B34A333F027D}
	EndGlobalSection
EndGlobal
